
Microsoft Visual Studio Solution File, Format Version 12.00
# Visual Studio Version 17
VisualStudioVersion = 17.4.33213.308
MinimumVisualStudioVersion = 10.0.40219.1
Project("{FAE04EC0-301F-11D3-BF4B-00C04F79EFBC}") = "WebApplication1", "WebApplication1.csproj", "{8DD6D9D0-5E8E-4199-886F-CE3413D4BCB0}"
EndProject
Project("{FAE04EC0-301F-11D3-BF4B-00C04F79EFBC}") = "DAL_Layer", "DAL_Layer\DAL_Layer.csproj", "{EAA66F9E-EE3A-4332-8D3A-E271886B6B30}"
EndProject
Project("{FAE04EC0-301F-11D3-BF4B-00C04F79EFBC}") = "BLL_Layer", "BLL_Layer\BLL_Layer.csproj", "{281108DD-62E1-46FA-90C1-6BDF31972CD1}"
EndProject
Global
	GlobalSection(SolutionConfigurationPlatforms) = preSolution
		Debug|Any CPU = Debug|Any CPU
		Release|Any CPU = Release|Any CPU
	EndGlobalSection
	GlobalSection(ProjectConfigurationPlatforms) = postSolution
		{8DD6D9D0-5E8E-4199-886F-CE3413D4BCB0}.Debug|Any CPU.ActiveCfg = Debug|Any CPU
		{8DD6D9D0-5E8E-4199-886F-CE3413D4BCB0}.Debug|Any CPU.Build.0 = Debug|Any CPU
		{8DD6D9D0-5E8E-4199-886F-CE3413D4BCB0}.Release|Any CPU.ActiveCfg = Release|Any CPU
		{8DD6D9D0-5E8E-4199-886F-CE3413D4BCB0}.Release|Any CPU.Build.0 = Release|Any CPU
		{EAA66F9E-EE3A-4332-8D3A-E271886B6B30}.Debug|Any CPU.ActiveCfg = Debug|Any CPU
		{EAA66F9E-EE3A-4332-8D3A-E271886B6B30}.Debug|Any CPU.Build.0 = Debug|Any CPU
		{EAA66F9E-EE3A-4332-8D3A-E271886B6B30}.Release|Any CPU.ActiveCfg = Release|Any CPU
		{EAA66F9E-EE3A-4332-8D3A-E271886B6B30}.Release|Any CPU.Build.0 = Release|Any CPU
		{281108DD-62E1-46FA-90C1-6BDF31972CD1}.Debug|Any CPU.ActiveCfg = Debug|Any CPU
		{281108DD-62E1-46FA-90C1-6BDF31972CD1}.Debug|Any CPU.Build.0 = Debug|Any CPU
		{281108DD-62E1-46FA-90C1-6BDF31972CD1}.Release|Any CPU.ActiveCfg = Release|Any CPU
		{281108DD-62E1-46FA-90C1-6BDF31972CD1}.Release|Any CPU.Build.0 = Release|Any CPU
	EndGlobalSection
	GlobalSection(SolutionProperties) = preSolution
		HideSolutionNode = FALSE
	EndGlobalSection
	GlobalSection(ExtensibilityGlobals) = postSolution
		SolutionGuid = {F2458FCF-0E8B-48D2-92A2-91E71FE69A81}
	EndGlobalSection
EndGlobal
